
Microsoft Visual Studio Solution File, Format Version 12.00
# Visual Studio Version 17
VisualStudioVersion = 17.8.34330.188
MinimumVisualStudioVersion = 10.0.40219.1
Project("{9A19103F-16F7-4668-BE54-9A1E7A4F7556}") = "tema8yrok1", "tema8yrok1\tema8yrok1.csproj", "{D79633B4-F014-44DD-81D6-17E75C9429E7}"
EndProject
Project("{9A19103F-16F7-4668-BE54-9A1E7A4F7556}") = "tema8yrok3", "tema8yrok3\tema8yrok3.csproj", "{A49163FD-1153-460D-A332-C4B58498D6DB}"
EndProject
Project("{9A19103F-16F7-4668-BE54-9A1E7A4F7556}") = "tema8yrok4", "tema8yrok4\tema8yrok4.csproj", "{450F0DD7-1D51-4F32-92FE-1E6BF7D62829}"
EndProject
Project("{FAE04EC0-301F-11D3-BF4B-00C04F79EFBC}") = "check", "check\check.csproj", "{75617A44-CBCC-44B7-87E2-D2E5A7F3D82C}"
EndProject
Project("{9A19103F-16F7-4668-BE54-9A1E7A4F7556}") = "tema8yr2", "tema8yr2\tema8yr2.csproj", "{9AC60A0E-41BF-4CF6-86FC-4A2261B34A79}"
EndProject
Project("{9A19103F-16F7-4668-BE54-9A1E7A4F7556}") = "while do while", "while do while\while do while.csproj", "{FF409994-A094-40FB-B6C9-AC83DE156EFD}"
EndProject
Project("{9A19103F-16F7-4668-BE54-9A1E7A4F7556}") = "while dowhile", "while dowhile\while dowhile.csproj", "{7155DD84-CCBA-47EE-9D67-FF5DA494447B}"
EndProject
Project("{9A19103F-16F7-4668-BE54-9A1E7A4F7556}") = "for", "for\for.csproj", "{B4D52ACC-D4C5-4C70-9A19-D1B847D52A4E}"
EndProject
Project("{9A19103F-16F7-4668-BE54-9A1E7A4F7556}") = "mas1", "mas1\mas1.csproj", "{BBFF8292-142D-45DC-9381-0E9773FA2E53}"
EndProject
Project("{9A19103F-16F7-4668-BE54-9A1E7A4F7556}") = "mass i svoistva", "mass i svoistva\mass i svoistva.csproj", "{81BF49ED-16A5-44D3-B9EE-DFF350B7C9A8}"
EndProject
Project("{9A19103F-16F7-4668-BE54-9A1E7A4F7556}") = "Dvumernuemassivu", "Dvumernuemassivu\Dvumernuemassivu.csproj", "{2A11EF7C-C2E7-429A-9B27-173E661A464C}"
EndProject
Project("{9A19103F-16F7-4668-BE54-9A1E7A4F7556}") = "z", "z\z.csproj", "{B9F8B2AE-15BD-492F-BE2F-A4B9FFD65932}"
EndProject
Project("{9A19103F-16F7-4668-BE54-9A1E7A4F7556}") = "masivchiki", "masivchiki\masivchiki.csproj", "{F1762630-244E-491F-9ABA-01BF202F45AB}"
EndProject
Project("{9A19103F-16F7-4668-BE54-9A1E7A4F7556}") = "mnogomernuemasivu", "mnogomernuemasivu\mnogomernuemasivu.csproj", "{53DF1D48-905B-4382-BDF8-1C1309A2F3E6}"
EndProject
Project("{FAE04EC0-301F-11D3-BF4B-00C04F79EFBC}") = "masivstrok", "masivstrok\masivstrok.csproj", "{74E1C1FE-1132-4A06-8EA8-9322DBCD96CB}"
EndProject
Global
	GlobalSection(SolutionConfigurationPlatforms) = preSolution
		Debug|Any CPU = Debug|Any CPU
		Release|Any CPU = Release|Any CPU
	EndGlobalSection
	GlobalSection(ProjectConfigurationPlatforms) = postSolution
		{D79633B4-F014-44DD-81D6-17E75C9429E7}.Debug|Any CPU.ActiveCfg = Debug|Any CPU
		{D79633B4-F014-44DD-81D6-17E75C9429E7}.Debug|Any CPU.Build.0 = Debug|Any CPU
		{D79633B4-F014-44DD-81D6-17E75C9429E7}.Release|Any CPU.ActiveCfg = Release|Any CPU
		{D79633B4-F014-44DD-81D6-17E75C9429E7}.Release|Any CPU.Build.0 = Release|Any CPU
		{A49163FD-1153-460D-A332-C4B58498D6DB}.Debug|Any CPU.ActiveCfg = Debug|Any CPU
		{A49163FD-1153-460D-A332-C4B58498D6DB}.Debug|Any CPU.Build.0 = Debug|Any CPU
		{A49163FD-1153-460D-A332-C4B58498D6DB}.Release|Any CPU.ActiveCfg = Release|Any CPU
		{A49163FD-1153-460D-A332-C4B58498D6DB}.Release|Any CPU.Build.0 = Release|Any CPU
		{450F0DD7-1D51-4F32-92FE-1E6BF7D62829}.Debug|Any CPU.ActiveCfg = Debug|Any CPU
		{450F0DD7-1D51-4F32-92FE-1E6BF7D62829}.Debug|Any CPU.Build.0 = Debug|Any CPU
		{450F0DD7-1D51-4F32-92FE-1E6BF7D62829}.Release|Any CPU.ActiveCfg = Release|Any CPU
		{450F0DD7-1D51-4F32-92FE-1E6BF7D62829}.Release|Any CPU.Build.0 = Release|Any CPU
		{75617A44-CBCC-44B7-87E2-D2E5A7F3D82C}.Debug|Any CPU.ActiveCfg = Debug|Any CPU
		{75617A44-CBCC-44B7-87E2-D2E5A7F3D82C}.Debug|Any CPU.Build.0 = Debug|Any CPU
		{75617A44-CBCC-44B7-87E2-D2E5A7F3D82C}.Release|Any CPU.ActiveCfg = Release|Any CPU
		{75617A44-CBCC-44B7-87E2-D2E5A7F3D82C}.Release|Any CPU.Build.0 = Release|Any CPU
		{9AC60A0E-41BF-4CF6-86FC-4A2261B34A79}.Debug|Any CPU.ActiveCfg = Debug|Any CPU
		{9AC60A0E-41BF-4CF6-86FC-4A2261B34A79}.Debug|Any CPU.Build.0 = Debug|Any CPU
		{9AC60A0E-41BF-4CF6-86FC-4A2261B34A79}.Release|Any CPU.ActiveCfg = Release|Any CPU
		{9AC60A0E-41BF-4CF6-86FC-4A2261B34A79}.Release|Any CPU.Build.0 = Release|Any CPU
		{FF409994-A094-40FB-B6C9-AC83DE156EFD}.Debug|Any CPU.ActiveCfg = Debug|Any CPU
		{FF409994-A094-40FB-B6C9-AC83DE156EFD}.Debug|Any CPU.Build.0 = Debug|Any CPU
		{FF409994-A094-40FB-B6C9-AC83DE156EFD}.Release|Any CPU.ActiveCfg = Release|Any CPU
		{FF409994-A094-40FB-B6C9-AC83DE156EFD}.Release|Any CPU.Build.0 = Release|Any CPU
		{7155DD84-CCBA-47EE-9D67-FF5DA494447B}.Debug|Any CPU.ActiveCfg = Debug|Any CPU
		{7155DD84-CCBA-47EE-9D67-FF5DA494447B}.Debug|Any CPU.Build.0 = Debug|Any CPU
		{7155DD84-CCBA-47EE-9D67-FF5DA494447B}.Release|Any CPU.ActiveCfg = Release|Any CPU
		{7155DD84-CCBA-47EE-9D67-FF5DA494447B}.Release|Any CPU.Build.0 = Release|Any CPU
		{B4D52ACC-D4C5-4C70-9A19-D1B847D52A4E}.Debug|Any CPU.ActiveCfg = Debug|Any CPU
		{B4D52ACC-D4C5-4C70-9A19-D1B847D52A4E}.Debug|Any CPU.Build.0 = Debug|Any CPU
		{B4D52ACC-D4C5-4C70-9A19-D1B847D52A4E}.Release|Any CPU.ActiveCfg = Release|Any CPU
		{B4D52ACC-D4C5-4C70-9A19-D1B847D52A4E}.Release|Any CPU.Build.0 = Release|Any CPU
		{BBFF8292-142D-45DC-9381-0E9773FA2E53}.Debug|Any CPU.ActiveCfg = Debug|Any CPU
		{BBFF8292-142D-45DC-9381-0E9773FA2E53}.Debug|Any CPU.Build.0 = Debug|Any CPU
		{BBFF8292-142D-45DC-9381-0E9773FA2E53}.Release|Any CPU.ActiveCfg = Release|Any CPU
		{BBFF8292-142D-45DC-9381-0E9773FA2E53}.Release|Any CPU.Build.0 = Release|Any CPU
		{81BF49ED-16A5-44D3-B9EE-DFF350B7C9A8}.Debug|Any CPU.ActiveCfg = Debug|Any CPU
		{81BF49ED-16A5-44D3-B9EE-DFF350B7C9A8}.Debug|Any CPU.Build.0 = Debug|Any CPU
		{81BF49ED-16A5-44D3-B9EE-DFF350B7C9A8}.Release|Any CPU.ActiveCfg = Release|Any CPU
		{81BF49ED-16A5-44D3-B9EE-DFF350B7C9A8}.Release|Any CPU.Build.0 = Release|Any CPU
		{2A11EF7C-C2E7-429A-9B27-173E661A464C}.Debug|Any CPU.ActiveCfg = Debug|Any CPU
		{2A11EF7C-C2E7-429A-9B27-173E661A464C}.Debug|Any CPU.Build.0 = Debug|Any CPU
		{2A11EF7C-C2E7-429A-9B27-173E661A464C}.Release|Any CPU.ActiveCfg = Release|Any CPU
		{2A11EF7C-C2E7-429A-9B27-173E661A464C}.Release|Any CPU.Build.0 = Release|Any CPU
		{B9F8B2AE-15BD-492F-BE2F-A4B9FFD65932}.Debug|Any CPU.ActiveCfg = Debug|Any CPU
		{B9F8B2AE-15BD-492F-BE2F-A4B9FFD65932}.Debug|Any CPU.Build.0 = Debug|Any CPU
		{B9F8B2AE-15BD-492F-BE2F-A4B9FFD65932}.Release|Any CPU.ActiveCfg = Release|Any CPU
		{B9F8B2AE-15BD-492F-BE2F-A4B9FFD65932}.Release|Any CPU.Build.0 = Release|Any CPU
		{F1762630-244E-491F-9ABA-01BF202F45AB}.Debug|Any CPU.ActiveCfg = Debug|Any CPU
		{F1762630-244E-491F-9ABA-01BF202F45AB}.Debug|Any CPU.Build.0 = Debug|Any CPU
		{F1762630-244E-491F-9ABA-01BF202F45AB}.Release|Any CPU.ActiveCfg = Release|Any CPU
		{F1762630-244E-491F-9ABA-01BF202F45AB}.Release|Any CPU.Build.0 = Release|Any CPU
		{53DF1D48-905B-4382-BDF8-1C1309A2F3E6}.Debug|Any CPU.ActiveCfg = Debug|Any CPU
		{53DF1D48-905B-4382-BDF8-1C1309A2F3E6}.Debug|Any CPU.Build.0 = Debug|Any CPU
		{53DF1D48-905B-4382-BDF8-1C1309A2F3E6}.Release|Any CPU.ActiveCfg = Release|Any CPU
		{53DF1D48-905B-4382-BDF8-1C1309A2F3E6}.Release|Any CPU.Build.0 = Release|Any CPU
		{74E1C1FE-1132-4A06-8EA8-9322DBCD96CB}.Debug|Any CPU.ActiveCfg = Debug|Any CPU
		{74E1C1FE-1132-4A06-8EA8-9322DBCD96CB}.Debug|Any CPU.Build.0 = Debug|Any CPU
		{74E1C1FE-1132-4A06-8EA8-9322DBCD96CB}.Release|Any CPU.ActiveCfg = Release|Any CPU
		{74E1C1FE-1132-4A06-8EA8-9322DBCD96CB}.Release|Any CPU.Build.0 = Release|Any CPU
	EndGlobalSection
	GlobalSection(SolutionProperties) = preSolution
		HideSolutionNode = FALSE
	EndGlobalSection
	GlobalSection(ExtensibilityGlobals) = postSolution
		SolutionGuid = {CC4E24BD-52AC-4343-B3BF-11C22A8F0B86}
	EndGlobalSection
EndGlobal
