
Microsoft Visual Studio Solution File, Format Version 12.00
# Visual Studio Version 17
VisualStudioVersion = 17.8.34330.188
MinimumVisualStudioVersion = 10.0.40219.1
Project("{FAE04EC0-301F-11D3-BF4B-00C04F79EFBC}") = "tema8yrok1", "tema8yrok1\tema8yrok1.csproj", "{D79633B4-F014-44DD-81D6-17E75C9429E7}"
EndProject
Global
	GlobalSection(SolutionConfigurationPlatforms) = preSolution
		Debug|Any CPU = Debug|Any CPU
		Release|Any CPU = Release|Any CPU
	EndGlobalSection
	GlobalSection(ProjectConfigurationPlatforms) = postSolution
		{D79633B4-F014-44DD-81D6-17E75C9429E7}.Debug|Any CPU.ActiveCfg = Debug|Any CPU
		{D79633B4-F014-44DD-81D6-17E75C9429E7}.Debug|Any CPU.Build.0 = Debug|Any CPU
		{D79633B4-F014-44DD-81D6-17E75C9429E7}.Release|Any CPU.ActiveCfg = Release|Any CPU
		{D79633B4-F014-44DD-81D6-17E75C9429E7}.Release|Any CPU.Build.0 = Release|Any CPU
	EndGlobalSection
	GlobalSection(SolutionProperties) = preSolution
		HideSolutionNode = FALSE
	EndGlobalSection
	GlobalSection(ExtensibilityGlobals) = postSolution
		SolutionGuid = {CC4E24BD-52AC-4343-B3BF-11C22A8F0B86}
	EndGlobalSection
EndGlobal
